{
  "version": 4,
  "terraform_version": "1.5.7",
  "serial": 3,
  "lineage": "341a08fa-2807-577b-93d3-29eb945dfee8",
  "outputs": {},
  "resources": [
    {
      "mode": "managed",
      "type": "aws_vpc",
      "name": "main",
      "provider": "provider[\"registry.terraform.io/hashicorp/aws\"]",
      "instances": [
        {
          "schema_version": 1,
          "attributes": {
            "arn": "arn:aws:ec2:us-east-1:140531505249:vpc/vpc-07d67f1c25f705d89",
            "assign_generated_ipv6_cidr_block": false,
            "cidr_block": "10.0.0.0/16",
            "default_network_acl_id": "acl-051f452f0acc55c17",
            "default_route_table_id": "rtb-037081ac0982e6094",
            "default_security_group_id": "sg-0d5d09a08fe86c2c6",
            "dhcp_options_id": "dopt-0547519a770640ebc",
            "enable_dns_hostnames": false,
            "enable_dns_support": true,
            "enable_network_address_usage_metrics": false,
            "id": "vpc-07d67f1c25f705d89",
            "instance_tenancy": "default",
            "ipv4_ipam_pool_id": null,
            "ipv4_netmask_length": null,
            "ipv6_association_id": "",
            "ipv6_cidr_block": "",
            "ipv6_cidr_block_network_border_group": "",
            "ipv6_ipam_pool_id": "",
            "ipv6_netmask_length": 0,
            "main_route_table_id": "rtb-037081ac0982e6094",
            "owner_id": "140531505249",
            "tags": {
              "Name": "VPC-1-tf"
            },
            "tags_all": {
              "Name": "VPC-1-tf"
            }
          },
          "sensitive_attributes": [],
          "private": "eyJzY2hlbWFfdmVyc2lvbiI6IjEifQ=="
        }
      ]
    }
  ],
  "check_results": null
}
